// !$*UTF8*$!
{
	archiveVersion = 1;
	classes = {
	};
	objectVersion = 50;
	objects = {

/* Begin PBXBuildFile section */
		25005BAC26038168008DCE4D /* ContactOrganizationApp.swift in Sources */ = {isa = PBXBuildFile; fileRef = 25005B992603815B008DCE4D /* ContactOrganizationApp.swift */; };
		25005BAD26038168008DCE4D /* ContactOrganizationApp.swift in Sources */ = {isa = PBXBuildFile; fileRef = 25005B992603815B008DCE4D /* ContactOrganizationApp.swift */; };
		25005BAE26038168008DCE4D /* ContentView.swift in Sources */ = {isa = PBXBuildFile; fileRef = 25005B9A2603815B008DCE4D /* ContentView.swift */; };
		25005BAF26038168008DCE4D /* ContentView.swift in Sources */ = {isa = PBXBuildFile; fileRef = 25005B9A2603815B008DCE4D /* ContentView.swift */; };
		25005BB026038168008DCE4D /* Assets.xcassets in Resources */ = {isa = PBXBuildFile; fileRef = 25005B9B26038168008DCE4D /* Assets.xcassets */; };
		25005BB126038168008DCE4D /* Assets.xcassets in Resources */ = {isa = PBXBuildFile; fileRef = 25005B9B26038168008DCE4D /* Assets.xcassets */; };
		25005BBF260381F8008DCE4D /* Contact.swift in Sources */ = {isa = PBXBuildFile; fileRef = 25005BBE260381F8008DCE4D /* Contact.swift */; };
		25005BC32603835C008DCE4D /* AddContact.swift in Sources */ = {isa = PBXBuildFile; fileRef = 25005BC22603835C008DCE4D /* AddContact.swift */; };
		25005BC726038475008DCE4D /* ContactStore.swift in Sources */ = {isa = PBXBuildFile; fileRef = 25005BC626038475008DCE4D /* ContactStore.swift */; };
		25005BD526038C15008DCE4D /* ContactListView.swift in Sources */ = {isa = PBXBuildFile; fileRef = 25005BD426038C15008DCE4D /* ContactListView.swift */; };
/* End PBXBuildFile section */

/* Begin PBXFileReference section */
		25005B992603815B008DCE4D /* ContactOrganizationApp.swift */ = {isa = PBXFileReference; lastKnownFileType = sourcecode.swift; path = ContactOrganizationApp.swift; sourceTree = "<group>"; };
		25005B9A2603815B008DCE4D /* ContentView.swift */ = {isa = PBXFileReference; lastKnownFileType = sourcecode.swift; path = ContentView.swift; sourceTree = "<group>"; };
		25005B9B26038168008DCE4D /* Assets.xcassets */ = {isa = PBXFileReference; lastKnownFileType = folder.assetcatalog; path = Assets.xcassets; sourceTree = "<group>"; };
		25005BA026038168008DCE4D /* ContactOrganization.app */ = {isa = PBXFileReference; explicitFileType = wrapper.application; includeInIndex = 0; path = ContactOrganization.app; sourceTree = BUILT_PRODUCTS_DIR; };
		25005BA326038168008DCE4D /* Info.plist */ = {isa = PBXFileReference; lastKnownFileType = text.plist.xml; path = Info.plist; sourceTree = "<group>"; };
		25005BA826038168008DCE4D /* ContactOrganization.app */ = {isa = PBXFileReference; explicitFileType = wrapper.application; includeInIndex = 0; path = ContactOrganization.app; sourceTree = BUILT_PRODUCTS_DIR; };
		25005BAA26038168008DCE4D /* Info.plist */ = {isa = PBXFileReference; lastKnownFileType = text.plist.xml; path = Info.plist; sourceTree = "<group>"; };
		25005BAB26038168008DCE4D /* macOS.entitlements */ = {isa = PBXFileReference; lastKnownFileType = text.plist.entitlements; path = macOS.entitlements; sourceTree = "<group>"; };
		25005BBE260381F8008DCE4D /* Contact.swift */ = {isa = PBXFileReference; lastKnownFileType = sourcecode.swift; path = Contact.swift; sourceTree = "<group>"; };
		25005BC22603835C008DCE4D /* AddContact.swift */ = {isa = PBXFileReference; lastKnownFileType = sourcecode.swift; path = AddContact.swift; sourceTree = "<group>"; };
		25005BC626038475008DCE4D /* ContactStore.swift */ = {isa = PBXFileReference; lastKnownFileType = sourcecode.swift; path = ContactStore.swift; sourceTree = "<group>"; };
		25005BD426038C15008DCE4D /* ContactListView.swift */ = {isa = PBXFileReference; lastKnownFileType = sourcecode.swift; path = ContactListView.swift; sourceTree = "<group>"; };
/* End PBXFileReference section */

/* Begin PBXFrameworksBuildPhase section */
		25005B9D26038168008DCE4D /* Frameworks */ = {
			isa = PBXFrameworksBuildPhase;
			buildActionMask = 2147483647;
			files = (
			);
			runOnlyForDeploymentPostprocessing = 0;
		};
		25005BA526038168008DCE4D /* Frameworks */ = {
			isa = PBXFrameworksBuildPhase;
			buildActionMask = 2147483647;
			files = (
			);
			runOnlyForDeploymentPostprocessing = 0;
		};
/* End PBXFrameworksBuildPhase section */

/* Begin PBXGroup section */
		25005B932603815A008DCE4D = {
			isa = PBXGroup;
			children = (
				25005B982603815B008DCE4D /* Shared */,
				25005BA226038168008DCE4D /* iOS */,
				25005BA926038168008DCE4D /* macOS */,
				25005BA126038168008DCE4D /* Products */,
			);
			sourceTree = "<group>";
		};
		25005B982603815B008DCE4D /* Shared */ = {
			isa = PBXGroup;
			children = (
				25005B992603815B008DCE4D /* ContactOrganizationApp.swift */,
				25005BBC260381B4008DCE4D /* Model */,
				25005BBD260381C0008DCE4D /* Views */,
				25005B9B26038168008DCE4D /* Assets.xcassets */,
			);
			path = Shared;
			sourceTree = "<group>";
		};
		25005BA126038168008DCE4D /* Products */ = {
			isa = PBXGroup;
			children = (
				25005BA026038168008DCE4D /* ContactOrganization.app */,
				25005BA826038168008DCE4D /* ContactOrganization.app */,
			);
			name = Products;
			sourceTree = "<group>";
		};
		25005BA226038168008DCE4D /* iOS */ = {
			isa = PBXGroup;
			children = (
				25005BA326038168008DCE4D /* Info.plist */,
			);
			path = iOS;
			sourceTree = "<group>";
		};
		25005BA926038168008DCE4D /* macOS */ = {
			isa = PBXGroup;
			children = (
				25005BAA26038168008DCE4D /* Info.plist */,
				25005BAB26038168008DCE4D /* macOS.entitlements */,
			);
			path = macOS;
			sourceTree = "<group>";
		};
		25005BBC260381B4008DCE4D /* Model */ = {
			isa = PBXGroup;
			children = (
				25005BBE260381F8008DCE4D /* Contact.swift */,
				25005BC626038475008DCE4D /* ContactStore.swift */,
			);
			path = Model;
			sourceTree = "<group>";
		};
		25005BBD260381C0008DCE4D /* Views */ = {
			isa = PBXGroup;
			children = (
				25005B9A2603815B008DCE4D /* ContentView.swift */,
				25005BC22603835C008DCE4D /* AddContact.swift */,
				25005BD426038C15008DCE4D /* ContactListView.swift */,
			);
			path = Views;
			sourceTree = "<group>";
		};
/* End PBXGroup section */

/* Begin PBXNativeTarget section */
		25005B9F26038168008DCE4D /* ContactOrganization (iOS) */ = {
			isa = PBXNativeTarget;
			buildConfigurationList = 25005BB426038168008DCE4D /* Build configuration list for PBXNativeTarget "ContactOrganization (iOS)" */;
			buildPhases = (
				25005B9C26038168008DCE4D /* Sources */,
				25005B9D26038168008DCE4D /* Frameworks */,
				25005B9E26038168008DCE4D /* Resources */,
			);
			buildRules = (
			);
			dependencies = (
			);
			name = "ContactOrganization (iOS)";
			productName = "ContactOrganization (iOS)";
			productReference = 25005BA026038168008DCE4D /* ContactOrganization.app */;
			productType = "com.apple.product-type.application";
		};
		25005BA726038168008DCE4D /* ContactOrganization (macOS) */ = {
			isa = PBXNativeTarget;
			buildConfigurationList = 25005BB726038168008DCE4D /* Build configuration list for PBXNativeTarget "ContactOrganization (macOS)" */;
			buildPhases = (
				25005BA426038168008DCE4D /* Sources */,
				25005BA526038168008DCE4D /* Frameworks */,
				25005BA626038168008DCE4D /* Resources */,
			);
			buildRules = (
			);
			dependencies = (
			);
			name = "ContactOrganization (macOS)";
			productName = "ContactOrganization (macOS)";
			productReference = 25005BA826038168008DCE4D /* ContactOrganization.app */;
			productType = "com.apple.product-type.application";
		};
/* End PBXNativeTarget section */

/* Begin PBXProject section */
		25005B942603815A008DCE4D /* Project object */ = {
			isa = PBXProject;
			attributes = {
				LastSwiftUpdateCheck = 1230;
				LastUpgradeCheck = 1230;
				TargetAttributes = {
					25005B9F26038168008DCE4D = {
						CreatedOnToolsVersion = 12.3;
					};
					25005BA726038168008DCE4D = {
						CreatedOnToolsVersion = 12.3;
					};
				};
			};
			buildConfigurationList = 25005B972603815A008DCE4D /* Build configuration list for PBXProject "ContactOrganization" */;
			compatibilityVersion = "Xcode 9.3";
			developmentRegion = en;
			hasScannedForEncodings = 0;
			knownRegions = (
				en,
				Base,
			);
			mainGroup = 25005B932603815A008DCE4D;
			productRefGroup = 25005BA126038168008DCE4D /* Products */;
			projectDirPath = "";
			projectRoot = "";
			targets = (
				25005B9F26038168008DCE4D /* ContactOrganization (iOS) */,
				25005BA726038168008DCE4D /* ContactOrganization (macOS) */,
			);
		};
/* End PBXProject section */

/* Begin PBXResourcesBuildPhase section */
		25005B9E26038168008DCE4D /* Resources */ = {
			isa = PBXResourcesBuildPhase;
			buildActionMask = 2147483647;
			files = (
				25005BB026038168008DCE4D /* Assets.xcassets in Resources */,
			);
			runOnlyForDeploymentPostprocessing = 0;
		};
		25005BA626038168008DCE4D /* Resources */ = {
			isa = PBXResourcesBuildPhase;
			buildActionMask = 2147483647;
			files = (
				25005BB126038168008DCE4D /* Assets.xcassets in Resources */,
			);
			runOnlyForDeploymentPostprocessing = 0;
		};
/* End PBXResourcesBuildPhase section */

/* Begin PBXSourcesBuildPhase section */
		25005B9C26038168008DCE4D /* Sources */ = {
			isa = PBXSourcesBuildPhase;
			buildActionMask = 2147483647;
			files = (
				25005BC32603835C008DCE4D /* AddContact.swift in Sources */,
				25005BBF260381F8008DCE4D /* Contact.swift in Sources */,
				25005BAE26038168008DCE4D /* ContentView.swift in Sources */,
				25005BD526038C15008DCE4D /* ContactListView.swift in Sources */,
				25005BAC26038168008DCE4D /* ContactOrganizationApp.swift in Sources */,
				25005BC726038475008DCE4D /* ContactStore.swift in Sources */,
			);
			runOnlyForDeploymentPostprocessing = 0;
		};
		25005BA426038168008DCE4D /* Sources */ = {
			isa = PBXSourcesBuildPhase;
			buildActionMask = 2147483647;
			files = (
				25005BAF26038168008DCE4D /* ContentView.swift in Sources */,
				25005BAD26038168008DCE4D /* ContactOrganizationApp.swift in Sources */,
			);
			runOnlyForDeploymentPostprocessing = 0;
		};
/* End PBXSourcesBuildPhase section */

/* Begin XCBuildConfiguration section */
		25005BB226038168008DCE4D /* Debug */ = {
			isa = XCBuildConfiguration;
			buildSettings = {
				ALWAYS_SEARCH_USER_PATHS = NO;
				CLANG_ANALYZER_NONNULL = YES;
				CLANG_ANALYZER_NUMBER_OBJECT_CONVERSION = YES_AGGRESSIVE;
				CLANG_CXX_LANGUAGE_STANDARD = "gnu++14";
				CLANG_CXX_LIBRARY = "libc++";
				CLANG_ENABLE_MODULES = YES;
				CLANG_ENABLE_OBJC_ARC = YES;
				CLANG_ENABLE_OBJC_WEAK = YES;
				CLANG_WARN_BLOCK_CAPTURE_AUTORELEASING = YES;
				CLANG_WARN_BOOL_CONVERSION = YES;
				CLANG_WARN_COMMA = YES;
				CLANG_WARN_CONSTANT_CONVERSION = YES;
				CLANG_WARN_DEPRECATED_OBJC_IMPLEMENTATIONS = YES;
				CLANG_WARN_DIRECT_OBJC_ISA_USAGE = YES_ERROR;
				CLANG_WARN_DOCUMENTATION_COMMENTS = YES;
				CLANG_WARN_EMPTY_BODY = YES;
				CLANG_WARN_ENUM_CONVERSION = YES;
				CLANG_WARN_INFINITE_RECURSION = YES;
				CLANG_WARN_INT_CONVERSION = YES;
				CLANG_WARN_NON_LITERAL_NULL_CONVERSION = YES;
				CLANG_WARN_OBJC_IMPLICIT_RETAIN_SELF = YES;
				CLANG_WARN_OBJC_LITERAL_CONVERSION = YES;
				CLANG_WARN_OBJC_ROOT_CLASS = YES_ERROR;
				CLANG_WARN_QUOTED_INCLUDE_IN_FRAMEWORK_HEADER = YES;
				CLANG_WARN_RANGE_LOOP_ANALYSIS = YES;
				CLANG_WARN_STRICT_PROTOTYPES = YES;
				CLANG_WARN_SUSPICIOUS_MOVE = YES;
				CLANG_WARN_UNGUARDED_AVAILABILITY = YES_AGGRESSIVE;
				CLANG_WARN_UNREACHABLE_CODE = YES;
				CLANG_WARN__DUPLICATE_METHOD_MATCH = YES;
				COPY_PHASE_STRIP = NO;
				DEBUG_INFORMATION_FORMAT = dwarf;
				ENABLE_STRICT_OBJC_MSGSEND = YES;
				ENABLE_TESTABILITY = YES;
				GCC_C_LANGUAGE_STANDARD = gnu11;
				GCC_DYNAMIC_NO_PIC = NO;
				GCC_NO_COMMON_BLOCKS = YES;
				GCC_OPTIMIZATION_LEVEL = 0;
				GCC_PREPROCESSOR_DEFINITIONS = (
					"DEBUG=1",
					"$(inherited)",
				);
				GCC_WARN_64_TO_32_BIT_CONVERSION = YES;
				GCC_WARN_ABOUT_RETURN_TYPE = YES_ERROR;
				GCC_WARN_UNDECLARED_SELECTOR = YES;
				GCC_WARN_UNINITIALIZED_AUTOS = YES_AGGRESSIVE;
				GCC_WARN_UNUSED_FUNCTION = YES;
				GCC_WARN_UNUSED_VARIABLE = YES;
				MTL_ENABLE_DEBUG_INFO = INCLUDE_SOURCE;
				MTL_FAST_MATH = YES;
				ONLY_ACTIVE_ARCH = YES;
				SWIFT_ACTIVE_COMPILATION_CONDITIONS = DEBUG;
				SWIFT_OPTIMIZATION_LEVEL = "-Onone";
			};
			name = Debug;
		};
		25005BB326038168008DCE4D /* Release */ = {
			isa = XCBuildConfiguration;
			buildSettings = {
				ALWAYS_SEARCH_USER_PATHS = NO;
				CLANG_ANALYZER_NONNULL = YES;
				CLANG_ANALYZER_NUMBER_OBJECT_CONVERSION = YES_AGGRESSIVE;
				CLANG_CXX_LANGUAGE_STANDARD = "gnu++14";
				CLANG_CXX_LIBRARY = "libc++";
				CLANG_ENABLE_MODULES = YES;
				CLANG_ENABLE_OBJC_ARC = YES;
				CLANG_ENABLE_OBJC_WEAK = YES;
				CLANG_WARN_BLOCK_CAPTURE_AUTORELEASING = YES;
				CLANG_WARN_BOOL_CONVERSION = YES;
				CLANG_WARN_COMMA = YES;
				CLANG_WARN_CONSTANT_CONVERSION = YES;
				CLANG_WARN_DEPRECATED_OBJC_IMPLEMENTATIONS = YES;
				CLANG_WARN_DIRECT_OBJC_ISA_USAGE = YES_ERROR;
				CLANG_WARN_DOCUMENTATION_COMMENTS = YES;
				CLANG_WARN_EMPTY_BODY = YES;
				CLANG_WARN_ENUM_CONVERSION = YES;
				CLANG_WARN_INFINITE_RECURSION = YES;
				CLANG_WARN_INT_CONVERSION = YES;
				CLANG_WARN_NON_LITERAL_NULL_CONVERSION = YES;
				CLANG_WARN_OBJC_IMPLICIT_RETAIN_SELF = YES;
				CLANG_WARN_OBJC_LITERAL_CONVERSION = YES;
				CLANG_WARN_OBJC_ROOT_CLASS = YES_ERROR;
				CLANG_WARN_QUOTED_INCLUDE_IN_FRAMEWORK_HEADER = YES;
				CLANG_WARN_RANGE_LOOP_ANALYSIS = YES;
				CLANG_WARN_STRICT_PROTOTYPES = YES;
				CLANG_WARN_SUSPICIOUS_MOVE = YES;
				CLANG_WARN_UNGUARDED_AVAILABILITY = YES_AGGRESSIVE;
				CLANG_WARN_UNREACHABLE_CODE = YES;
				CLANG_WARN__DUPLICATE_METHOD_MATCH = YES;
				COPY_PHASE_STRIP = NO;
				DEBUG_INFORMATION_FORMAT = "dwarf-with-dsym";
				ENABLE_NS_ASSERTIONS = NO;
				ENABLE_STRICT_OBJC_MSGSEND = YES;
				GCC_C_LANGUAGE_STANDARD = gnu11;
				GCC_NO_COMMON_BLOCKS = YES;
				GCC_WARN_64_TO_32_BIT_CONVERSION = YES;
				GCC_WARN_ABOUT_RETURN_TYPE = YES_ERROR;
				GCC_WARN_UNDECLARED_SELECTOR = YES;
				GCC_WARN_UNINITIALIZED_AUTOS = YES_AGGRESSIVE;
				GCC_WARN_UNUSED_FUNCTION = YES;
				GCC_WARN_UNUSED_VARIABLE = YES;
				MTL_ENABLE_DEBUG_INFO = NO;
				MTL_FAST_MATH = YES;
				SWIFT_COMPILATION_MODE = wholemodule;
				SWIFT_OPTIMIZATION_LEVEL = "-O";
			};
			name = Release;
		};
		25005BB526038168008DCE4D /* Debug */ = {
			isa = XCBuildConfiguration;
			buildSettings = {
				ASSETCATALOG_COMPILER_APPICON_NAME = AppIcon;
				ASSETCATALOG_COMPILER_GLOBAL_ACCENT_COLOR_NAME = AccentColor;
				CODE_SIGN_STYLE = Automatic;
				DEVELOPMENT_TEAM = W4R3WPMQ2T;
				ENABLE_PREVIEWS = YES;
				INFOPLIST_FILE = iOS/Info.plist;
				IPHONEOS_DEPLOYMENT_TARGET = 14.0;
				LD_RUNPATH_SEARCH_PATHS = (
					"$(inherited)",
					"@executable_path/Frameworks",
				);
				PRODUCT_BUNDLE_IDENTIFIER = ca.rowanharrisstoertz.ContactOrganization;
				PRODUCT_NAME = ContactOrganization;
				SDKROOT = iphoneos;
				SWIFT_VERSION = 5.0;
				TARGETED_DEVICE_FAMILY = "1,2";
			};
			name = Debug;
		};
		25005BB626038168008DCE4D /* Release */ = {
			isa = XCBuildConfiguration;
			buildSettings = {
				ASSETCATALOG_COMPILER_APPICON_NAME = AppIcon;
				ASSETCATALOG_COMPILER_GLOBAL_ACCENT_COLOR_NAME = AccentColor;
				CODE_SIGN_STYLE = Automatic;
				DEVELOPMENT_TEAM = W4R3WPMQ2T;
				ENABLE_PREVIEWS = YES;
				INFOPLIST_FILE = iOS/Info.plist;
				IPHONEOS_DEPLOYMENT_TARGET = 14.0;
				LD_RUNPATH_SEARCH_PATHS = (
					"$(inherited)",
					"@executable_path/Frameworks",
				);
				PRODUCT_BUNDLE_IDENTIFIER = ca.rowanharrisstoertz.ContactOrganization;
				PRODUCT_NAME = ContactOrganization;
				SDKROOT = iphoneos;
				SWIFT_VERSION = 5.0;
				TARGETED_DEVICE_FAMILY = "1,2";
				VALIDATE_PRODUCT = YES;
			};
			name = Release;
		};
		25005BB826038168008DCE4D /* Debug */ = {
			isa = XCBuildConfiguration;
			buildSettings = {
				ASSETCATALOG_COMPILER_APPICON_NAME = AppIcon;
				ASSETCATALOG_COMPILER_GLOBAL_ACCENT_COLOR_NAME = AccentColor;
				CODE_SIGN_ENTITLEMENTS = macOS/macOS.entitlements;
				CODE_SIGN_STYLE = Automatic;
				COMBINE_HIDPI_IMAGES = YES;
				DEVELOPMENT_TEAM = W4R3WPMQ2T;
				ENABLE_HARDENED_RUNTIME = YES;
				ENABLE_PREVIEWS = YES;
				INFOPLIST_FILE = macOS/Info.plist;
				LD_RUNPATH_SEARCH_PATHS = (
					"$(inherited)",
					"@executable_path/../Frameworks",
				);
				MACOSX_DEPLOYMENT_TARGET = 11.0;
				PRODUCT_BUNDLE_IDENTIFIER = ca.rowanharrisstoertz.ContactOrganization;
				PRODUCT_NAME = ContactOrganization;
				SDKROOT = macosx;
				SWIFT_VERSION = 5.0;
			};
			name = Debug;
		};
		25005BB926038168008DCE4D /* Release */ = {
			isa = XCBuildConfiguration;
			buildSettings = {
				ASSETCATALOG_COMPILER_APPICON_NAME = AppIcon;
				ASSETCATALOG_COMPILER_GLOBAL_ACCENT_COLOR_NAME = AccentColor;
				CODE_SIGN_ENTITLEMENTS = macOS/macOS.entitlements;
				CODE_SIGN_STYLE = Automatic;
				COMBINE_HIDPI_IMAGES = YES;
				DEVELOPMENT_TEAM = W4R3WPMQ2T;
				ENABLE_HARDENED_RUNTIME = YES;
				ENABLE_PREVIEWS = YES;
				INFOPLIST_FILE = macOS/Info.plist;
				LD_RUNPATH_SEARCH_PATHS = (
					"$(inherited)",
					"@executable_path/../Frameworks",
				);
				MACOSX_DEPLOYMENT_TARGET = 11.0;
				PRODUCT_BUNDLE_IDENTIFIER = ca.rowanharrisstoertz.ContactOrganization;
				PRODUCT_NAME = ContactOrganization;
				SDKROOT = macosx;
				SWIFT_VERSION = 5.0;
			};
			name = Release;
		};
/* End XCBuildConfiguration section */

/* Begin XCConfigurationList section */
		25005B972603815A008DCE4D /* Build configuration list for PBXProject "ContactOrganization" */ = {
			isa = XCConfigurationList;
			buildConfigurations = (
				25005BB226038168008DCE4D /* Debug */,
				25005BB326038168008DCE4D /* Release */,
			);
			defaultConfigurationIsVisible = 0;
			defaultConfigurationName = Release;
		};
		25005BB426038168008DCE4D /* Build configuration list for PBXNativeTarget "ContactOrganization (iOS)" */ = {
			isa = XCConfigurationList;
			buildConfigurations = (
				25005BB526038168008DCE4D /* Debug */,
				25005BB626038168008DCE4D /* Release */,
			);
			defaultConfigurationIsVisible = 0;
			defaultConfigurationName = Release;
		};
		25005BB726038168008DCE4D /* Build configuration list for PBXNativeTarget "ContactOrganization (macOS)" */ = {
			isa = XCConfigurationList;
			buildConfigurations = (
				25005BB826038168008DCE4D /* Debug */,
				25005BB926038168008DCE4D /* Release */,
			);
			defaultConfigurationIsVisible = 0;
			defaultConfigurationName = Release;
		};
/* End XCConfigurationList section */
	};
	rootObject = 25005B942603815A008DCE4D /* Project object */;
}
